
Microsoft Visual Studio Solution File, Format Version 12.00
# Visual Studio Version 16
VisualStudioVersion = 16.0.30225.117
MinimumVisualStudioVersion = 10.0.40219.1
Project("{FAE04EC0-301F-11D3-BF4B-00C04F79EFBC}") = "WebApplication1", "WebApplication1\WebApplication1.csproj", "{73E40E2E-EE79-4115-9EAB-B2786CCA7DAA}"
EndProject
Global
	GlobalSection(SolutionConfigurationPlatforms) = preSolution
		Debug|Any CPU = Debug|Any CPU
		Release|Any CPU = Release|Any CPU
	EndGlobalSection
	GlobalSection(ProjectConfigurationPlatforms) = postSolution
		{73E40E2E-EE79-4115-9EAB-B2786CCA7DAA}.Debug|Any CPU.ActiveCfg = Debug|Any CPU
		{73E40E2E-EE79-4115-9EAB-B2786CCA7DAA}.Debug|Any CPU.Build.0 = Debug|Any CPU
		{73E40E2E-EE79-4115-9EAB-B2786CCA7DAA}.Release|Any CPU.ActiveCfg = Release|Any CPU
		{73E40E2E-EE79-4115-9EAB-B2786CCA7DAA}.Release|Any CPU.Build.0 = Release|Any CPU
	EndGlobalSection
	GlobalSection(SolutionProperties) = preSolution
		HideSolutionNode = FALSE
	EndGlobalSection
	GlobalSection(ExtensibilityGlobals) = postSolution
		SolutionGuid = {80D56DE5-C362-43CB-B99F-423A0C0AF9DA}
	EndGlobalSection
EndGlobal
